{
    "name": "ktx2-hdr-webgpu-scratch",
    "version": "0.0.1",
    "lockfileVersion": 3,
    "requires": true,
    "packages": {
        "": {
            "name": "ktx2-hdr-webgpu-scratch",
            "version": "0.0.1",
            "dependencies": {
                "gltf-validator": "^2.0.0-dev.3.10"
            },
            "devDependencies": {
                "@types/node": "^24.10.1",
                "@types/vscode": "^1.93.0",
                "tslib": "^2.6.2",
                "typescript": "^5.4.5"
            },
            "engines": {
                "vscode": "^1.93.0"
            }
        },
        "node_modules/@types/node": {
            "version": "24.10.1",
            "resolved": "https://registry.npmjs.org/@types/node/-/node-24.10.1.tgz",
            "integrity": "sha512-GNWcUTRBgIRJD5zj+Tq0fKOJ5XZajIiBroOF0yvj2bSU1WvNdYS/dn9UxwsujGW4JX06dnHyjV2y9rRaybH0iQ==",
            "dev": true,
            "license": "MIT",
            "dependencies": {
                "undici-types": "~7.16.0"
            }
        },
        "node_modules/@types/vscode": {
            "version": "1.105.0",
            "resolved": "https://registry.npmjs.org/@types/vscode/-/vscode-1.105.0.tgz",
            "integrity": "sha512-Lotk3CTFlGZN8ray4VxJE7axIyLZZETQJVWi/lYoUVQuqfRxlQhVOfoejsD2V3dVXPSbS15ov5ZyowMAzgUqcw==",
            "dev": true,
            "license": "MIT"
        },
        "node_modules/gltf-validator": {
            "version": "2.0.0-dev.3.10",
            "resolved": "https://registry.npmjs.org/gltf-validator/-/gltf-validator-2.0.0-dev.3.10.tgz",
            "integrity": "sha512-odJ4k0tRkGXiDGn78yDBg+fBbAIvBnXxh3RwAta0emSxGtyagFE8B4xELB1oYe3S5RD8Ci3uZAsZaascH2LAEQ==",
            "license": "Apache-2.0"
        },
        "node_modules/tslib": {
            "version": "2.8.1",
            "resolved": "https://registry.npmjs.org/tslib/-/tslib-2.8.1.tgz",
            "integrity": "sha512-oJFu94HQb+KVduSUQL7wnpmqnfmLsOA/nAh6b6EH0wCEoK0/mPeXU6c3wKDV83MkOuHPRHtSXKKU99IBazS/2w==",
            "dev": true,
            "license": "0BSD"
        },
        "node_modules/typescript": {
            "version": "5.9.3",
            "resolved": "https://registry.npmjs.org/typescript/-/typescript-5.9.3.tgz",
            "integrity": "sha512-jl1vZzPDinLr9eUt3J/t7V6FgNEw9QjvBPdysz9KfQDD41fQrC2Y4vKQdiaUpFT4bXlb1RHhLpp8wtm6M5TgSw==",
            "dev": true,
            "license": "Apache-2.0",
            "bin": {
                "tsc": "bin/tsc",
                "tsserver": "bin/tsserver"
            },
            "engines": {
                "node": ">=14.17"
            }
        },
        "node_modules/undici-types": {
            "version": "7.16.0",
            "resolved": "https://registry.npmjs.org/undici-types/-/undici-types-7.16.0.tgz",
            "integrity": "sha512-Zz+aZWSj8LE6zoxD+xrjh4VfkIG8Ya6LvYkZqtUQGJPZjYl53ypCaUwWqo7eI0x66KBGeRo+mlBEkMSeSZ38Nw==",
            "dev": true,
            "license": "MIT"
        }
    }
}
