{
    "name": "gltf-language-server",
    "version": "2.3.12",
    "lockfileVersion": 1,
    "requires": true,
    "dependencies": {
        "gltf-validator": {
            "version": "2.0.0-dev.3.5",
            "resolved": "https://registry.npmjs.org/gltf-validator/-/gltf-validator-2.0.0-dev.3.5.tgz",
            "integrity": "sha512-0HM9OnPQ4zYic0Ru1oIZ56+kf7kpswPIZPvjthmFb9UO/5XbxPg+KpL2tr4mq+2pBJzXHs8+oQHl0APqbT/ugA=="
        },
        "json-source-map": {
            "version": "0.6.1",
            "resolved": "https://registry.npmjs.org/json-source-map/-/json-source-map-0.6.1.tgz",
            "integrity": "sha512-1QoztHPsMQqhDq0hlXY5ZqcEdUzxQEIxgFkKl4WUp2pgShObl+9ovi4kRh2TfvAfxAoHOJ9vIMEqk3k4iex7tg=="
        },
        "vscode-jsonrpc": {
            "version": "4.0.0",
            "resolved": "https://registry.npmjs.org/vscode-jsonrpc/-/vscode-jsonrpc-4.0.0.tgz",
            "integrity": "sha512-perEnXQdQOJMTDFNv+UF3h1Y0z4iSiaN9jIlb0OqIYgosPCZGYh/MCUlkFtV2668PL69lRDO32hmvL2yiidUYg=="
        },
        "vscode-languageserver": {
            "version": "5.2.1",
            "resolved": "https://registry.npmjs.org/vscode-languageserver/-/vscode-languageserver-5.2.1.tgz",
            "integrity": "sha512-GuayqdKZqAwwaCUjDvMTAVRPJOp/SLON3mJ07eGsx/Iq9HjRymhKWztX41rISqDKhHVVyFM+IywICyZDla6U3A==",
            "requires": {
                "vscode-languageserver-protocol": "3.14.1",
                "vscode-uri": "^1.0.6"
            },
            "dependencies": {
                "vscode-uri": {
                    "version": "1.0.8",
                    "resolved": "https://registry.npmjs.org/vscode-uri/-/vscode-uri-1.0.8.tgz",
                    "integrity": "sha512-obtSWTlbJ+a+TFRYGaUumtVwb+InIUVI0Lu0VBUAPmj2cU5JutEXg3xUE0c2J5Tcy7h2DEKVJBFi+Y9ZSFzzPQ=="
                }
            }
        },
        "vscode-languageserver-protocol": {
            "version": "3.14.1",
            "resolved": "https://registry.npmjs.org/vscode-languageserver-protocol/-/vscode-languageserver-protocol-3.14.1.tgz",
            "integrity": "sha512-IL66BLb2g20uIKog5Y2dQ0IiigW0XKrvmWiOvc0yXw80z3tMEzEnHjaGAb3ENuU7MnQqgnYJ1Cl2l9RvNgDi4g==",
            "requires": {
                "vscode-jsonrpc": "^4.0.0",
                "vscode-languageserver-types": "3.14.0"
            }
        },
        "vscode-languageserver-types": {
            "version": "3.14.0",
            "resolved": "https://registry.npmjs.org/vscode-languageserver-types/-/vscode-languageserver-types-3.14.0.tgz",
            "integrity": "sha512-lTmS6AlAlMHOvPQemVwo3CezxBp0sNB95KNPkqp3Nxd5VFEnuG1ByM0zlRWos0zjO3ZWtkvhal0COgiV1xIA4A=="
        },
        "vscode-uri": {
            "version": "2.1.2",
            "resolved": "https://registry.npmjs.org/vscode-uri/-/vscode-uri-2.1.2.tgz",
            "integrity": "sha512-8TEXQxlldWAuIODdukIb+TR5s+9Ds40eSJrw+1iDDA9IFORPjMELarNQE3myz5XIkWWpdprmJjm1/SxMlWOC8A=="
        }
    }
}
